
Microsoft Visual Studio Solution File, Format Version 12.00
# Visual Studio Version 17
VisualStudioVersion = 17.1.32210.238
MinimumVisualStudioVersion = 10.0.40219.1
Project("{FAE04EC0-301F-11D3-BF4B-00C04F79EFBC}") = "IndianStateCensusAnalyser", "IndianStateCensusAnalyser.csproj", "{C9111DE9-45A6-42EB-BDA9-40BAADF2A9B4}"
EndProject
Project("{FAE04EC0-301F-11D3-BF4B-00C04F79EFBC}") = "CsvDataTest", "..\CsvDataTest\CsvDataTest.csproj", "{5A1AAA2A-2CE3-47E9-940C-75FB2927A7A0}"
EndProject
Global
	GlobalSection(SolutionConfigurationPlatforms) = preSolution
		Debug|Any CPU = Debug|Any CPU
		Release|Any CPU = Release|Any CPU
	EndGlobalSection
	GlobalSection(ProjectConfigurationPlatforms) = postSolution
		{C9111DE9-45A6-42EB-BDA9-40BAADF2A9B4}.Debug|Any CPU.ActiveCfg = Debug|Any CPU
		{C9111DE9-45A6-42EB-BDA9-40BAADF2A9B4}.Debug|Any CPU.Build.0 = Debug|Any CPU
		{C9111DE9-45A6-42EB-BDA9-40BAADF2A9B4}.Release|Any CPU.ActiveCfg = Release|Any CPU
		{C9111DE9-45A6-42EB-BDA9-40BAADF2A9B4}.Release|Any CPU.Build.0 = Release|Any CPU
		{5A1AAA2A-2CE3-47E9-940C-75FB2927A7A0}.Debug|Any CPU.ActiveCfg = Debug|Any CPU
		{5A1AAA2A-2CE3-47E9-940C-75FB2927A7A0}.Debug|Any CPU.Build.0 = Debug|Any CPU
		{5A1AAA2A-2CE3-47E9-940C-75FB2927A7A0}.Release|Any CPU.ActiveCfg = Release|Any CPU
		{5A1AAA2A-2CE3-47E9-940C-75FB2927A7A0}.Release|Any CPU.Build.0 = Release|Any CPU
	EndGlobalSection
	GlobalSection(SolutionProperties) = preSolution
		HideSolutionNode = FALSE
	EndGlobalSection
	GlobalSection(ExtensibilityGlobals) = postSolution
		SolutionGuid = {A61A5261-4E85-4077-8642-63C2281A36B6}
	EndGlobalSection
EndGlobal
